# generated by rye
# use `rye lock` or `rye sync` to update this lockfile
#
# last locked with the following flags:
#   pre: false
#   features: []
#   all-features: false
#   with-sources: false
#   generate-hashes: false
#   universal: false

-e file:.
aiohappyeyeballs==2.4.3
    # via aiohttp
aiohttp==3.11.7
    # via auth0-python
    # via instructor
    # via langchain
    # via langchain-community
    # via litellm
aiosignal==1.3.1
    # via aiohttp
alembic==1.14.0
    # via embedchain
annotated-types==0.7.0
    # via pydantic
anthropic==0.30.1
    # via modelsmith
anyio==4.6.2.post1
    # via anthropic
    # via httpx
    # via openai
    # via starlette
    # via watchfiles
appdirs==1.4.4
    # via crewai
asgiref==3.8.1
    # via opentelemetry-instrumentation-asgi
asttokens==2.4.1
    # via stack-data
attrs==24.2.0
    # via aiohttp
    # via jsonschema
    # via outcome
    # via referencing
    # via trio
auth0-python==4.7.2
    # via crewai
backoff==2.2.1
    # via posthog
bcrypt==4.2.1
    # via chromadb
beautifulsoup4==4.12.3
    # via crewai-tools
    # via embedchain
build==1.2.2.post1
    # via chromadb
cachetools==5.5.0
    # via google-auth
    # via gptcache
certifi==2024.8.30
    # via httpcore
    # via httpx
    # via kubernetes
    # via requests
    # via selenium
cffi==1.17.1
    # via cryptography
    # via trio
charset-normalizer==3.4.0
    # via requests
chroma-hnswlib==0.7.6
    # via chromadb
chromadb==0.5.20
    # via crewai
    # via crewai-tools
    # via embedchain
click==8.1.7
    # via crewai
    # via litellm
    # via typer
    # via uvicorn
cohere==5.11.4
    # via embedchain
    # via langchain-cohere
colorama==0.4.6
    # via build
    # via click
    # via ipython
    # via pytest
    # via tqdm
    # via uvicorn
coloredlogs==15.0.1
    # via onnxruntime
crewai==0.80.0
    # via decisify
crewai-tools==0.14.0
    # via crewai
cryptography==43.0.3
    # via auth0-python
dataclasses-json==0.6.7
    # via langchain-community
decorator==5.1.1
    # via ipython
deprecated==1.2.15
    # via opentelemetry-api
    # via opentelemetry-exporter-otlp-proto-grpc
    # via opentelemetry-exporter-otlp-proto-http
    # via opentelemetry-semantic-conventions
deprecation==2.1.0
    # via lancedb
distro==1.9.0
    # via anthropic
    # via openai
docker==7.1.0
    # via crewai-tools
docstring-parser==0.16
    # via google-cloud-aiplatform
    # via instructor
docx2txt==0.8
    # via crewai-tools
durationpy==0.9
    # via kubernetes
embedchain==0.1.125
    # via crewai-tools
executing==2.1.0
    # via stack-data
fastapi==0.115.5
    # via chromadb
fastavro==1.9.7
    # via cohere
filelock==3.16.1
    # via huggingface-hub
filetype==1.2.0
    # via magentic
flatbuffers==24.3.25
    # via onnxruntime
frozenlist==1.5.0
    # via aiohttp
    # via aiosignal
fsspec==2024.10.0
    # via huggingface-hub
google-api-core==2.23.0
    # via google-cloud-aiplatform
    # via google-cloud-bigquery
    # via google-cloud-core
    # via google-cloud-resource-manager
    # via google-cloud-storage
google-auth==2.36.0
    # via google-api-core
    # via google-cloud-aiplatform
    # via google-cloud-bigquery
    # via google-cloud-core
    # via google-cloud-resource-manager
    # via google-cloud-storage
    # via kubernetes
google-cloud-aiplatform==1.73.0
    # via embedchain
    # via modelsmith
google-cloud-bigquery==3.27.0
    # via google-cloud-aiplatform
google-cloud-core==2.4.1
    # via google-cloud-bigquery
    # via google-cloud-storage
google-cloud-resource-manager==1.13.1
    # via google-cloud-aiplatform
google-cloud-storage==2.18.2
    # via google-cloud-aiplatform
google-crc32c==1.6.0
    # via google-cloud-storage
    # via google-resumable-media
google-resumable-media==2.7.2
    # via google-cloud-bigquery
    # via google-cloud-storage
googleapis-common-protos==1.66.0
    # via google-api-core
    # via grpc-google-iam-v1
    # via grpcio-status
    # via opentelemetry-exporter-otlp-proto-grpc
    # via opentelemetry-exporter-otlp-proto-http
gptcache==0.1.44
    # via embedchain
greenlet==3.1.1
    # via sqlalchemy
grpc-google-iam-v1==0.13.1
    # via google-cloud-resource-manager
grpcio==1.68.0
    # via chromadb
    # via google-api-core
    # via googleapis-common-protos
    # via grpc-google-iam-v1
    # via grpcio-status
    # via grpcio-tools
    # via opentelemetry-exporter-otlp-proto-grpc
    # via qdrant-client
grpcio-status==1.68.0
    # via google-api-core
grpcio-tools==1.68.0
    # via qdrant-client
gurobipy==12.0.0
    # via decisify
h11==0.14.0
    # via httpcore
    # via uvicorn
    # via wsproto
h2==4.1.0
    # via httpx
hpack==4.0.0
    # via h2
httpcore==1.0.7
    # via httpx
httptools==0.6.4
    # via uvicorn
httpx==0.27.2
    # via anthropic
    # via chromadb
    # via cohere
    # via langsmith
    # via openai
    # via qdrant-client
httpx-sse==0.4.0
    # via cohere
    # via langchain-community
huggingface-hub==0.26.2
    # via tokenizers
humanfriendly==10.0
    # via coloredlogs
hyperframe==6.0.1
    # via h2
idna==3.10
    # via anyio
    # via httpx
    # via requests
    # via trio
    # via yarl
importlib-metadata==8.5.0
    # via litellm
    # via opentelemetry-api
importlib-resources==6.4.5
    # via chromadb
iniconfig==2.0.0
    # via pytest
instructor==1.5.2
    # via crewai
ipython==8.29.0
    # via pyvis
jedi==0.19.2
    # via ipython
jinja2==3.1.4
    # via litellm
    # via modelsmith
    # via pyvis
jiter==0.5.0
    # via anthropic
    # via instructor
    # via openai
json-repair==0.30.2
    # via crewai
jsonpatch==1.33
    # via langchain-core
jsonpickle==4.0.0
    # via pyvis
jsonpointer==3.0.0
    # via jsonpatch
jsonref==1.1.0
    # via crewai
jsonschema==4.23.0
    # via litellm
jsonschema-specifications==2024.10.1
    # via jsonschema
kubernetes==31.0.0
    # via chromadb
lancedb==0.16.0
    # via crewai-tools
langchain==0.3.8
    # via crewai
    # via crewai-tools
    # via embedchain
    # via langchain-community
langchain-cohere==0.3.2
    # via embedchain
langchain-community==0.3.4
    # via embedchain
    # via langchain-experimental
langchain-core==0.3.21
    # via langchain
    # via langchain-cohere
    # via langchain-community
    # via langchain-experimental
    # via langchain-openai
    # via langchain-text-splitters
langchain-experimental==0.3.3
    # via langchain-cohere
langchain-openai==0.2.9
    # via embedchain
langchain-text-splitters==0.3.2
    # via langchain
langsmith==0.1.145
    # via embedchain
    # via langchain
    # via langchain-community
    # via langchain-core
litellm==1.52.14
    # via crewai
logfire-api==2.4.1
    # via magentic
magentic==0.32.0
    # via decisify
mako==1.3.6
    # via alembic
markdown-it-py==3.0.0
    # via rich
markupsafe==3.0.2
    # via jinja2
    # via mako
marshmallow==3.23.1
    # via dataclasses-json
matplotlib-inline==0.1.7
    # via ipython
mdurl==0.1.2
    # via markdown-it-py
mem0ai==0.1.32
    # via embedchain
mmh3==5.0.1
    # via chromadb
modelsmith==0.6.1
    # via decisify
monotonic==1.6
    # via posthog
mpmath==1.3.0
    # via sympy
multidict==6.1.0
    # via aiohttp
    # via yarl
mypy-extensions==1.0.0
    # via typing-inspect
nest-asyncio==1.6.0
    # via lancedb
networkx==3.4.2
    # via pyvis
nodeenv==1.9.1
    # via pyright
numpy==1.26.4
    # via chroma-hnswlib
    # via chromadb
    # via gptcache
    # via langchain
    # via langchain-community
    # via onnxruntime
    # via pandas
    # via pylance
    # via qdrant-client
    # via shapely
oauthlib==3.2.2
    # via kubernetes
    # via requests-oauthlib
onnxruntime==1.20.1
    # via chromadb
openai==1.55.0
    # via crewai
    # via crewai-tools
    # via embedchain
    # via instructor
    # via langchain-openai
    # via litellm
    # via magentic
    # via mem0ai
    # via modelsmith
opentelemetry-api==1.28.2
    # via chromadb
    # via crewai
    # via opentelemetry-exporter-otlp-proto-grpc
    # via opentelemetry-exporter-otlp-proto-http
    # via opentelemetry-instrumentation
    # via opentelemetry-instrumentation-asgi
    # via opentelemetry-instrumentation-fastapi
    # via opentelemetry-sdk
    # via opentelemetry-semantic-conventions
opentelemetry-exporter-otlp-proto-common==1.28.2
    # via opentelemetry-exporter-otlp-proto-grpc
    # via opentelemetry-exporter-otlp-proto-http
opentelemetry-exporter-otlp-proto-grpc==1.28.2
    # via chromadb
opentelemetry-exporter-otlp-proto-http==1.28.2
    # via crewai
opentelemetry-instrumentation==0.49b2
    # via opentelemetry-instrumentation-asgi
    # via opentelemetry-instrumentation-fastapi
opentelemetry-instrumentation-asgi==0.49b2
    # via opentelemetry-instrumentation-fastapi
opentelemetry-instrumentation-fastapi==0.49b2
    # via chromadb
opentelemetry-proto==1.28.2
    # via opentelemetry-exporter-otlp-proto-common
    # via opentelemetry-exporter-otlp-proto-grpc
    # via opentelemetry-exporter-otlp-proto-http
opentelemetry-sdk==1.28.2
    # via chromadb
    # via crewai
    # via opentelemetry-exporter-otlp-proto-grpc
    # via opentelemetry-exporter-otlp-proto-http
opentelemetry-semantic-conventions==0.49b2
    # via opentelemetry-instrumentation
    # via opentelemetry-instrumentation-asgi
    # via opentelemetry-instrumentation-fastapi
    # via opentelemetry-sdk
opentelemetry-util-http==0.49b2
    # via opentelemetry-instrumentation-asgi
    # via opentelemetry-instrumentation-fastapi
orjson==3.10.12
    # via chromadb
    # via langsmith
outcome==1.3.0.post0
    # via trio
overrides==7.7.0
    # via chromadb
    # via lancedb
packaging==24.2
    # via build
    # via deprecation
    # via google-cloud-aiplatform
    # via google-cloud-bigquery
    # via huggingface-hub
    # via lancedb
    # via langchain-core
    # via marshmallow
    # via onnxruntime
    # via opentelemetry-instrumentation
    # via pytest
pandas==2.2.3
    # via langchain-cohere
parameterized==0.9.0
    # via cohere
parso==0.8.4
    # via jedi
pluggy==1.5.0
    # via pytest
portalocker==2.10.1
    # via qdrant-client
posthog==3.7.2
    # via chromadb
    # via embedchain
    # via mem0ai
prompt-toolkit==3.0.48
    # via ipython
propcache==0.2.0
    # via aiohttp
    # via yarl
proto-plus==1.25.0
    # via google-api-core
    # via google-cloud-aiplatform
    # via google-cloud-resource-manager
protobuf==5.28.3
    # via google-api-core
    # via google-cloud-aiplatform
    # via google-cloud-resource-manager
    # via googleapis-common-protos
    # via grpc-google-iam-v1
    # via grpcio-status
    # via grpcio-tools
    # via onnxruntime
    # via opentelemetry-proto
    # via proto-plus
pure-eval==0.2.3
    # via stack-data
pyarrow==18.0.0
    # via pylance
pyasn1==0.6.1
    # via pyasn1-modules
    # via rsa
pyasn1-modules==0.4.1
    # via google-auth
pycparser==2.22
    # via cffi
pydantic==2.10.1
    # via anthropic
    # via chromadb
    # via cohere
    # via crewai
    # via crewai-tools
    # via decisify
    # via fastapi
    # via google-cloud-aiplatform
    # via instructor
    # via lancedb
    # via langchain
    # via langchain-cohere
    # via langchain-core
    # via langsmith
    # via litellm
    # via magentic
    # via mem0ai
    # via modelsmith
    # via openai
    # via pydantic-settings
    # via qdrant-client
pydantic-core==2.27.1
    # via cohere
    # via instructor
    # via pydantic
pydantic-settings==2.6.1
    # via langchain-community
    # via magentic
pygments==2.18.0
    # via ipython
    # via rich
pyjwt==2.10.0
    # via auth0-python
pylance==0.19.2
    # via lancedb
pypdf==5.1.0
    # via embedchain
pypika==0.48.9
    # via chromadb
pyproject-hooks==1.2.0
    # via build
pyreadline3==3.5.4
    # via humanfriendly
pyright==1.1.389
    # via crewai-tools
pysbd==0.3.4
    # via embedchain
pysocks==1.7.1
    # via urllib3
pytest==8.3.3
    # via crewai-tools
python-dateutil==2.9.0.post0
    # via google-cloud-bigquery
    # via kubernetes
    # via pandas
    # via posthog
python-dotenv==1.0.1
    # via crewai
    # via embedchain
    # via litellm
    # via pydantic-settings
    # via uvicorn
pytube==15.0.0
    # via crewai-tools
pytz==2024.2
    # via mem0ai
    # via pandas
pyvis==0.3.2
    # via crewai
#pywin32==308
    # via docker
    # via portalocker
pyyaml==6.0.2
    # via chromadb
    # via huggingface-hub
    # via kubernetes
    # via langchain
    # via langchain-community
    # via langchain-core
    # via uvicorn
qdrant-client==1.12.1
    # via mem0ai
referencing==0.35.1
    # via jsonschema
    # via jsonschema-specifications
regex==2024.11.6
    # via crewai
    # via tiktoken
requests==2.32.3
    # via auth0-python
    # via cohere
    # via crewai-tools
    # via docker
    # via google-api-core
    # via google-cloud-bigquery
    # via google-cloud-storage
    # via gptcache
    # via huggingface-hub
    # via kubernetes
    # via langchain
    # via langchain-community
    # via langsmith
    # via litellm
    # via opentelemetry-exporter-otlp-proto-http
    # via posthog
    # via requests-oauthlib
    # via requests-toolbelt
    # via tiktoken
requests-oauthlib==2.0.0
    # via kubernetes
requests-toolbelt==1.0.0
    # via langsmith
rich==13.9.4
    # via chromadb
    # via embedchain
    # via instructor
    # via typer
rpds-py==0.21.0
    # via jsonschema
    # via referencing
rsa==4.9
    # via google-auth
schema==0.7.7
    # via embedchain
selenium==4.26.1
    # via crewai-tools
setuptools==75.6.0
    # via grpcio-tools
shapely==2.0.6
    # via google-cloud-aiplatform
shellingham==1.5.4
    # via typer
six==1.16.0
    # via asttokens
    # via kubernetes
    # via posthog
    # via python-dateutil
sniffio==1.3.1
    # via anthropic
    # via anyio
    # via httpx
    # via openai
    # via trio
sortedcontainers==2.4.0
    # via trio
soupsieve==2.6
    # via beautifulsoup4
sqlalchemy==2.0.36
    # via alembic
    # via embedchain
    # via langchain
    # via langchain-community
    # via mem0ai
stack-data==0.6.3
    # via ipython
starlette==0.41.3
    # via fastapi
sympy==1.13.3
    # via onnxruntime
tabulate==0.9.0
    # via langchain-cohere
tenacity==8.5.0
    # via chromadb
    # via instructor
    # via langchain
    # via langchain-community
    # via langchain-core
    # via modelsmith
tiktoken==0.7.0
    # via embedchain
    # via langchain-openai
    # via litellm
tokenizers==0.20.3
    # via anthropic
    # via chromadb
    # via cohere
    # via litellm
tomli==2.1.0
    # via crewai
tomli-w==1.1.0
    # via crewai
tqdm==4.67.0
    # via chromadb
    # via huggingface-hub
    # via lancedb
    # via openai
traitlets==5.14.3
    # via ipython
    # via matplotlib-inline
trio==0.27.0
    # via selenium
    # via trio-websocket
trio-websocket==0.11.1
    # via selenium
typer==0.13.1
    # via chromadb
    # via instructor
types-requests==2.32.0.20241016
    # via cohere
typing-extensions==4.12.2
    # via alembic
    # via anthropic
    # via chromadb
    # via cohere
    # via fastapi
    # via huggingface-hub
    # via ipython
    # via langchain-core
    # via openai
    # via opentelemetry-sdk
    # via pydantic
    # via pydantic-core
    # via pyright
    # via selenium
    # via sqlalchemy
    # via typer
    # via typing-inspect
typing-inspect==0.9.0
    # via dataclasses-json
tzdata==2024.2
    # via pandas
urllib3==2.2.3
    # via auth0-python
    # via docker
    # via kubernetes
    # via qdrant-client
    # via requests
    # via selenium
    # via types-requests
uv==0.5.4
    # via crewai
uvicorn==0.32.1
    # via chromadb
watchfiles==0.24.0
    # via uvicorn
wcwidth==0.2.13
    # via prompt-toolkit
websocket-client==1.8.0
    # via kubernetes
    # via selenium
websockets==14.1
    # via uvicorn
wrapt==1.17.0
    # via deprecated
    # via opentelemetry-instrumentation
wsproto==1.2.0
    # via trio-websocket
yarl==1.18.0
    # via aiohttp
zipp==3.21.0
    # via importlib-metadata
